
Microsoft Visual Studio Solution File, Format Version 12.00
# Visual Studio Version 17
VisualStudioVersion = 17.7.34003.232
MinimumVisualStudioVersion = 10.0.40219.1
Project("{FAE04EC0-301F-11D3-BF4B-00C04F79EFBC}") = "PawnshopApp", "PawnshopApp\PawnshopApp.csproj", "{73232E4F-846E-4702-A67E-AFA3F4C55688}"
EndProject
Global
	GlobalSection(SolutionConfigurationPlatforms) = preSolution
		Debug|Any CPU = Debug|Any CPU
		Release|Any CPU = Release|Any CPU
	EndGlobalSection
	GlobalSection(ProjectConfigurationPlatforms) = postSolution
		{73232E4F-846E-4702-A67E-AFA3F4C55688}.Debug|Any CPU.ActiveCfg = Debug|Any CPU
		{73232E4F-846E-4702-A67E-AFA3F4C55688}.Debug|Any CPU.Build.0 = Debug|Any CPU
		{73232E4F-846E-4702-A67E-AFA3F4C55688}.Release|Any CPU.ActiveCfg = Release|Any CPU
		{73232E4F-846E-4702-A67E-AFA3F4C55688}.Release|Any CPU.Build.0 = Release|Any CPU
	EndGlobalSection
	GlobalSection(SolutionProperties) = preSolution
		HideSolutionNode = FALSE
	EndGlobalSection
	GlobalSection(ExtensibilityGlobals) = postSolution
		SolutionGuid = {5913B160-E7E6-4190-AD6E-B34422AD1C72}
	EndGlobalSection
EndGlobal
